// !$*UTF8*$!
{
	archiveVersion = 1;
	classes = {
	};
	objectVersion = 51;
	objects = {

/* Begin PBXBuildFile section */
		608D433A7991227CA6ED5041 /* Pods_AlbumTracks.framework in Frameworks */ = {isa = PBXBuildFile; fileRef = BF842A60A8DF5BF31F0C3AC2 /* Pods_AlbumTracks.framework */; };
		FF1D777F264430F300EF6A9E /* NetworkService.swift in Sources */ = {isa = PBXBuildFile; fileRef = FF1D777E264430F300EF6A9E /* NetworkService.swift */; };
		FF68D61C2641E3850098A849 /* Album.swift in Sources */ = {isa = PBXBuildFile; fileRef = FF68D61B2641E3850098A849 /* Album.swift */; };
		FF68D61F2641E4900098A849 /* Track.swift in Sources */ = {isa = PBXBuildFile; fileRef = FF68D61E2641E4900098A849 /* Track.swift */; };
		FF6AE9D726447CBB008591CF /* Nexa Bold.otf in Resources */ = {isa = PBXBuildFile; fileRef = FF6AE9D526447CBA008591CF /* Nexa Bold.otf */; };
		FF6AE9D826447CBB008591CF /* Nexa Light.otf in Resources */ = {isa = PBXBuildFile; fileRef = FF6AE9D626447CBB008591CF /* Nexa Light.otf */; };
		FFF368412641E16C00C46F18 /* ViewModel.swift in Sources */ = {isa = PBXBuildFile; fileRef = FFF368402641E16C00C46F18 /* ViewModel.swift */; };
		FFFC2EC32641983C00154185 /* AppDelegate.swift in Sources */ = {isa = PBXBuildFile; fileRef = FFFC2EC22641983C00154185 /* AppDelegate.swift */; };
		FFFC2EC52641983C00154185 /* SceneDelegate.swift in Sources */ = {isa = PBXBuildFile; fileRef = FFFC2EC42641983C00154185 /* SceneDelegate.swift */; };
		FFFC2EC72641983C00154185 /* HomeVC.swift in Sources */ = {isa = PBXBuildFile; fileRef = FFFC2EC62641983C00154185 /* HomeVC.swift */; };
		FFFC2ECA2641983C00154185 /* Main.storyboard in Resources */ = {isa = PBXBuildFile; fileRef = FFFC2EC82641983C00154185 /* Main.storyboard */; };
		FFFC2ECC2641983E00154185 /* Assets.xcassets in Resources */ = {isa = PBXBuildFile; fileRef = FFFC2ECB2641983E00154185 /* Assets.xcassets */; };
		FFFC2ECF2641983E00154185 /* LaunchScreen.storyboard in Resources */ = {isa = PBXBuildFile; fileRef = FFFC2ECD2641983E00154185 /* LaunchScreen.storyboard */; };
		FFFC2ED8264198EA00154185 /* AlbumCollectionViewVC.swift in Sources */ = {isa = PBXBuildFile; fileRef = FFFC2ED7264198EA00154185 /* AlbumCollectionViewVC.swift */; };
		FFFC2EDB264198FC00154185 /* TrackTableViewVC.swift in Sources */ = {isa = PBXBuildFile; fileRef = FFFC2EDA264198FC00154185 /* TrackTableViewVC.swift */; };
		FFFC2EDE26419B9700154185 /* AlbumsCollectionViewCell.xib in Resources */ = {isa = PBXBuildFile; fileRef = FFFC2EDD26419B9700154185 /* AlbumsCollectionViewCell.xib */; };
		FFFC2EE526419E2F00154185 /* AlbumCollectionViewCell.swift in Sources */ = {isa = PBXBuildFile; fileRef = FFFC2EE426419E2F00154185 /* AlbumCollectionViewCell.swift */; };
/* End PBXBuildFile section */

/* Begin PBXFileReference section */
		5708F63F905F43E71F7E6DD7 /* Pods-AlbumTracks.release.xcconfig */ = {isa = PBXFileReference; includeInIndex = 1; lastKnownFileType = text.xcconfig; name = "Pods-AlbumTracks.release.xcconfig"; path = "Target Support Files/Pods-AlbumTracks/Pods-AlbumTracks.release.xcconfig"; sourceTree = "<group>"; };
		BF842A60A8DF5BF31F0C3AC2 /* Pods_AlbumTracks.framework */ = {isa = PBXFileReference; explicitFileType = wrapper.framework; includeInIndex = 0; path = Pods_AlbumTracks.framework; sourceTree = BUILT_PRODUCTS_DIR; };
		E5FFAA77CE28C74CB0990080 /* Pods-AlbumTracks.debug.xcconfig */ = {isa = PBXFileReference; includeInIndex = 1; lastKnownFileType = text.xcconfig; name = "Pods-AlbumTracks.debug.xcconfig"; path = "Target Support Files/Pods-AlbumTracks/Pods-AlbumTracks.debug.xcconfig"; sourceTree = "<group>"; };
		FF1D777E264430F300EF6A9E /* NetworkService.swift */ = {isa = PBXFileReference; lastKnownFileType = sourcecode.swift; path = NetworkService.swift; sourceTree = "<group>"; };
		FF68D61B2641E3850098A849 /* Album.swift */ = {isa = PBXFileReference; lastKnownFileType = sourcecode.swift; path = Album.swift; sourceTree = "<group>"; };
		FF68D61E2641E4900098A849 /* Track.swift */ = {isa = PBXFileReference; lastKnownFileType = sourcecode.swift; path = Track.swift; sourceTree = "<group>"; };
		FF6AE9D526447CBA008591CF /* Nexa Bold.otf */ = {isa = PBXFileReference; lastKnownFileType = file; path = "Nexa Bold.otf"; sourceTree = "<group>"; };
		FF6AE9D626447CBB008591CF /* Nexa Light.otf */ = {isa = PBXFileReference; lastKnownFileType = file; path = "Nexa Light.otf"; sourceTree = "<group>"; };
		FFF368402641E16C00C46F18 /* ViewModel.swift */ = {isa = PBXFileReference; lastKnownFileType = sourcecode.swift; path = ViewModel.swift; sourceTree = "<group>"; };
		FFFC2EBF2641983C00154185 /* AlbumTracks.app */ = {isa = PBXFileReference; explicitFileType = wrapper.application; includeInIndex = 0; path = AlbumTracks.app; sourceTree = BUILT_PRODUCTS_DIR; };
		FFFC2EC22641983C00154185 /* AppDelegate.swift */ = {isa = PBXFileReference; lastKnownFileType = sourcecode.swift; path = AppDelegate.swift; sourceTree = "<group>"; };
		FFFC2EC42641983C00154185 /* SceneDelegate.swift */ = {isa = PBXFileReference; lastKnownFileType = sourcecode.swift; path = SceneDelegate.swift; sourceTree = "<group>"; };
		FFFC2EC62641983C00154185 /* HomeVC.swift */ = {isa = PBXFileReference; lastKnownFileType = sourcecode.swift; path = HomeVC.swift; sourceTree = "<group>"; };
		FFFC2EC92641983C00154185 /* Base */ = {isa = PBXFileReference; lastKnownFileType = file.storyboard; name = Base; path = Base.lproj/Main.storyboard; sourceTree = "<group>"; };
		FFFC2ECB2641983E00154185 /* Assets.xcassets */ = {isa = PBXFileReference; lastKnownFileType = folder.assetcatalog; path = Assets.xcassets; sourceTree = "<group>"; };
		FFFC2ECE2641983E00154185 /* Base */ = {isa = PBXFileReference; lastKnownFileType = file.storyboard; name = Base; path = Base.lproj/LaunchScreen.storyboard; sourceTree = "<group>"; };
		FFFC2ED02641983E00154185 /* Info.plist */ = {isa = PBXFileReference; lastKnownFileType = text.plist.xml; path = Info.plist; sourceTree = "<group>"; };
		FFFC2ED7264198EA00154185 /* AlbumCollectionViewVC.swift */ = {isa = PBXFileReference; lastKnownFileType = sourcecode.swift; path = AlbumCollectionViewVC.swift; sourceTree = "<group>"; };
		FFFC2EDA264198FC00154185 /* TrackTableViewVC.swift */ = {isa = PBXFileReference; lastKnownFileType = sourcecode.swift; path = TrackTableViewVC.swift; sourceTree = "<group>"; };
		FFFC2EDD26419B9700154185 /* AlbumsCollectionViewCell.xib */ = {isa = PBXFileReference; lastKnownFileType = file.xib; path = AlbumsCollectionViewCell.xib; sourceTree = "<group>"; };
		FFFC2EE426419E2F00154185 /* AlbumCollectionViewCell.swift */ = {isa = PBXFileReference; lastKnownFileType = sourcecode.swift; path = AlbumCollectionViewCell.swift; sourceTree = "<group>"; };
/* End PBXFileReference section */

/* Begin PBXFrameworksBuildPhase section */
		FFFC2EBC2641983C00154185 /* Frameworks */ = {
			isa = PBXFrameworksBuildPhase;
			buildActionMask = 2147483647;
			files = (
				608D433A7991227CA6ED5041 /* Pods_AlbumTracks.framework in Frameworks */,
			);
			runOnlyForDeploymentPostprocessing = 0;
		};
/* End PBXFrameworksBuildPhase section */

/* Begin PBXGroup section */
		985FCEA2B489CECC9ECA7BA9 /* Frameworks */ = {
			isa = PBXGroup;
			children = (
				BF842A60A8DF5BF31F0C3AC2 /* Pods_AlbumTracks.framework */,
			);
			name = Frameworks;
			sourceTree = "<group>";
		};
		DCF5B2B839E70FCA3F7D5E03 /* Pods */ = {
			isa = PBXGroup;
			children = (
				E5FFAA77CE28C74CB0990080 /* Pods-AlbumTracks.debug.xcconfig */,
				5708F63F905F43E71F7E6DD7 /* Pods-AlbumTracks.release.xcconfig */,
			);
			path = Pods;
			sourceTree = "<group>";
		};
		FF68D61A2641E3680098A849 /* Model */ = {
			isa = PBXGroup;
			children = (
				FF68D61B2641E3850098A849 /* Album.swift */,
				FF68D61E2641E4900098A849 /* Track.swift */,
			);
			path = Model;
			sourceTree = "<group>";
		};
		FF6AE9DA26447CC3008591CF /* Fonts */ = {
			isa = PBXGroup;
			children = (
				FF6AE9D526447CBA008591CF /* Nexa Bold.otf */,
				FF6AE9D626447CBB008591CF /* Nexa Light.otf */,
			);
			path = Fonts;
			sourceTree = "<group>";
		};
		FFF3683E2641E08D00C46F18 /* View */ = {
			isa = PBXGroup;
			children = (
				FFFC2EC62641983C00154185 /* HomeVC.swift */,
				FFFC2ED7264198EA00154185 /* AlbumCollectionViewVC.swift */,
				FFFC2EE426419E2F00154185 /* AlbumCollectionViewCell.swift */,
				FFFC2EDA264198FC00154185 /* TrackTableViewVC.swift */,
			);
			path = View;
			sourceTree = "<group>";
		};
		FFF3683F2641E13100C46F18 /* ViewModel */ = {
			isa = PBXGroup;
			children = (
				FFF368402641E16C00C46F18 /* ViewModel.swift */,
			);
			path = ViewModel;
			sourceTree = "<group>";
		};
		FFFC2EB62641983C00154185 = {
			isa = PBXGroup;
			children = (
				FFFC2EC12641983C00154185 /* AlbumTracks */,
				FFFC2EC02641983C00154185 /* Products */,
				DCF5B2B839E70FCA3F7D5E03 /* Pods */,
				985FCEA2B489CECC9ECA7BA9 /* Frameworks */,
			);
			sourceTree = "<group>";
		};
		FFFC2EC02641983C00154185 /* Products */ = {
			isa = PBXGroup;
			children = (
				FFFC2EBF2641983C00154185 /* AlbumTracks.app */,
			);
			name = Products;
			sourceTree = "<group>";
		};
		FFFC2EC12641983C00154185 /* AlbumTracks */ = {
			isa = PBXGroup;
			children = (
				FF68D61A2641E3680098A849 /* Model */,
				FFF3683F2641E13100C46F18 /* ViewModel */,
				FFF3683E2641E08D00C46F18 /* View */,
				FFFC2EC22641983C00154185 /* AppDelegate.swift */,
				FFFC2EC42641983C00154185 /* SceneDelegate.swift */,
				FFFC2EC82641983C00154185 /* Main.storyboard */,
				FF6AE9DA26447CC3008591CF /* Fonts */,
				FFFC2EDD26419B9700154185 /* AlbumsCollectionViewCell.xib */,
				FFFC2ECB2641983E00154185 /* Assets.xcassets */,
				FFFC2ECD2641983E00154185 /* LaunchScreen.storyboard */,
				FFFC2ED02641983E00154185 /* Info.plist */,
				FF1D777E264430F300EF6A9E /* NetworkService.swift */,
			);
			path = AlbumTracks;
			sourceTree = "<group>";
		};
/* End PBXGroup section */

/* Begin PBXNativeTarget section */
		FFFC2EBE2641983C00154185 /* AlbumTracks */ = {
			isa = PBXNativeTarget;
			buildConfigurationList = FFFC2ED32641983E00154185 /* Build configuration list for PBXNativeTarget "AlbumTracks" */;
			buildPhases = (
				5C8BE2544C619BFC64ACC5D8 /* [CP] Check Pods Manifest.lock */,
				FFFC2EBB2641983C00154185 /* Sources */,
				FFFC2EBC2641983C00154185 /* Frameworks */,
				FFFC2EBD2641983C00154185 /* Resources */,
				48C81AA6FC9AC330F39C1DE9 /* [CP] Embed Pods Frameworks */,
			);
			buildRules = (
			);
			dependencies = (
			);
			name = AlbumTracks;
			productName = AlbumTracks;
			productReference = FFFC2EBF2641983C00154185 /* AlbumTracks.app */;
			productType = "com.apple.product-type.application";
		};
/* End PBXNativeTarget section */

/* Begin PBXProject section */
		FFFC2EB72641983C00154185 /* Project object */ = {
			isa = PBXProject;
			attributes = {
				LastSwiftUpdateCheck = 1220;
				LastUpgradeCheck = 1220;
				TargetAttributes = {
					FFFC2EBE2641983C00154185 = {
						CreatedOnToolsVersion = 12.2;
					};
				};
			};
			buildConfigurationList = FFFC2EBA2641983C00154185 /* Build configuration list for PBXProject "AlbumTracks" */;
			compatibilityVersion = "Xcode 9.3";
			developmentRegion = en;
			hasScannedForEncodings = 0;
			knownRegions = (
				en,
				Base,
			);
			mainGroup = FFFC2EB62641983C00154185;
			productRefGroup = FFFC2EC02641983C00154185 /* Products */;
			projectDirPath = "";
			projectRoot = "";
			targets = (
				FFFC2EBE2641983C00154185 /* AlbumTracks */,
			);
		};
/* End PBXProject section */

/* Begin PBXResourcesBuildPhase section */
		FFFC2EBD2641983C00154185 /* Resources */ = {
			isa = PBXResourcesBuildPhase;
			buildActionMask = 2147483647;
			files = (
				FFFC2EDE26419B9700154185 /* AlbumsCollectionViewCell.xib in Resources */,
				FFFC2ECF2641983E00154185 /* LaunchScreen.storyboard in Resources */,
				FFFC2ECC2641983E00154185 /* Assets.xcassets in Resources */,
				FF6AE9D726447CBB008591CF /* Nexa Bold.otf in Resources */,
				FFFC2ECA2641983C00154185 /* Main.storyboard in Resources */,
				FF6AE9D826447CBB008591CF /* Nexa Light.otf in Resources */,
			);
			runOnlyForDeploymentPostprocessing = 0;
		};
/* End PBXResourcesBuildPhase section */

/* Begin PBXShellScriptBuildPhase section */
		48C81AA6FC9AC330F39C1DE9 /* [CP] Embed Pods Frameworks */ = {
			isa = PBXShellScriptBuildPhase;
			buildActionMask = 2147483647;
			files = (
			);
			inputFileListPaths = (
				"${PODS_ROOT}/Target Support Files/Pods-AlbumTracks/Pods-AlbumTracks-frameworks-${CONFIGURATION}-input-files.xcfilelist",
			);
			name = "[CP] Embed Pods Frameworks";
			outputFileListPaths = (
				"${PODS_ROOT}/Target Support Files/Pods-AlbumTracks/Pods-AlbumTracks-frameworks-${CONFIGURATION}-output-files.xcfilelist",
			);
			runOnlyForDeploymentPostprocessing = 0;
			shellPath = /bin/sh;
			shellScript = "\"${PODS_ROOT}/Target Support Files/Pods-AlbumTracks/Pods-AlbumTracks-frameworks.sh\"\n";
			showEnvVarsInLog = 0;
		};
		5C8BE2544C619BFC64ACC5D8 /* [CP] Check Pods Manifest.lock */ = {
			isa = PBXShellScriptBuildPhase;
			buildActionMask = 2147483647;
			files = (
			);
			inputFileListPaths = (
			);
			inputPaths = (
				"${PODS_PODFILE_DIR_PATH}/Podfile.lock",
				"${PODS_ROOT}/Manifest.lock",
			);
			name = "[CP] Check Pods Manifest.lock";
			outputFileListPaths = (
			);
			outputPaths = (
				"$(DERIVED_FILE_DIR)/Pods-AlbumTracks-checkManifestLockResult.txt",
			);
			runOnlyForDeploymentPostprocessing = 0;
			shellPath = /bin/sh;
			shellScript = "diff \"${PODS_PODFILE_DIR_PATH}/Podfile.lock\" \"${PODS_ROOT}/Manifest.lock\" > /dev/null\nif [ $? != 0 ] ; then\n    # print error to STDERR\n    echo \"error: The sandbox is not in sync with the Podfile.lock. Run 'pod install' or update your CocoaPods installation.\" >&2\n    exit 1\nfi\n# This output is used by Xcode 'outputs' to avoid re-running this script phase.\necho \"SUCCESS\" > \"${SCRIPT_OUTPUT_FILE_0}\"\n";
			showEnvVarsInLog = 0;
		};
/* End PBXShellScriptBuildPhase section */

/* Begin PBXSourcesBuildPhase section */
		FFFC2EBB2641983C00154185 /* Sources */ = {
			isa = PBXSourcesBuildPhase;
			buildActionMask = 2147483647;
			files = (
				FF1D777F264430F300EF6A9E /* NetworkService.swift in Sources */,
				FFFC2EE526419E2F00154185 /* AlbumCollectionViewCell.swift in Sources */,
				FFFC2EC72641983C00154185 /* HomeVC.swift in Sources */,
				FFFC2EC32641983C00154185 /* AppDelegate.swift in Sources */,
				FFFC2EC52641983C00154185 /* SceneDelegate.swift in Sources */,
				FFFC2EDB264198FC00154185 /* TrackTableViewVC.swift in Sources */,
				FF68D61F2641E4900098A849 /* Track.swift in Sources */,
				FFFC2ED8264198EA00154185 /* AlbumCollectionViewVC.swift in Sources */,
				FFF368412641E16C00C46F18 /* ViewModel.swift in Sources */,
				FF68D61C2641E3850098A849 /* Album.swift in Sources */,
			);
			runOnlyForDeploymentPostprocessing = 0;
		};
/* End PBXSourcesBuildPhase section */

/* Begin PBXVariantGroup section */
		FFFC2EC82641983C00154185 /* Main.storyboard */ = {
			isa = PBXVariantGroup;
			children = (
				FFFC2EC92641983C00154185 /* Base */,
			);
			name = Main.storyboard;
			sourceTree = "<group>";
		};
		FFFC2ECD2641983E00154185 /* LaunchScreen.storyboard */ = {
			isa = PBXVariantGroup;
			children = (
				FFFC2ECE2641983E00154185 /* Base */,
			);
			name = LaunchScreen.storyboard;
			sourceTree = "<group>";
		};
/* End PBXVariantGroup section */

/* Begin XCBuildConfiguration section */
		FFFC2ED12641983E00154185 /* Debug */ = {
			isa = XCBuildConfiguration;
			buildSettings = {
				ALWAYS_SEARCH_USER_PATHS = NO;
				CLANG_ANALYZER_NONNULL = YES;
				CLANG_ANALYZER_NUMBER_OBJECT_CONVERSION = YES_AGGRESSIVE;
				CLANG_CXX_LANGUAGE_STANDARD = "gnu++14";
				CLANG_CXX_LIBRARY = "libc++";
				CLANG_ENABLE_MODULES = YES;
				CLANG_ENABLE_OBJC_ARC = YES;
				CLANG_ENABLE_OBJC_WEAK = YES;
				CLANG_WARN_BLOCK_CAPTURE_AUTORELEASING = YES;
				CLANG_WARN_BOOL_CONVERSION = YES;
				CLANG_WARN_COMMA = YES;
				CLANG_WARN_CONSTANT_CONVERSION = YES;
				CLANG_WARN_DEPRECATED_OBJC_IMPLEMENTATIONS = YES;
				CLANG_WARN_DIRECT_OBJC_ISA_USAGE = YES_ERROR;
				CLANG_WARN_DOCUMENTATION_COMMENTS = YES;
				CLANG_WARN_EMPTY_BODY = YES;
				CLANG_WARN_ENUM_CONVERSION = YES;
				CLANG_WARN_INFINITE_RECURSION = YES;
				CLANG_WARN_INT_CONVERSION = YES;
				CLANG_WARN_NON_LITERAL_NULL_CONVERSION = YES;
				CLANG_WARN_OBJC_IMPLICIT_RETAIN_SELF = YES;
				CLANG_WARN_OBJC_LITERAL_CONVERSION = YES;
				CLANG_WARN_OBJC_ROOT_CLASS = YES_ERROR;
				CLANG_WARN_QUOTED_INCLUDE_IN_FRAMEWORK_HEADER = YES;
				CLANG_WARN_RANGE_LOOP_ANALYSIS = YES;
				CLANG_WARN_STRICT_PROTOTYPES = YES;
				CLANG_WARN_SUSPICIOUS_MOVE = YES;
				CLANG_WARN_UNGUARDED_AVAILABILITY = YES_AGGRESSIVE;
				CLANG_WARN_UNREACHABLE_CODE = YES;
				CLANG_WARN__DUPLICATE_METHOD_MATCH = YES;
				COPY_PHASE_STRIP = NO;
				DEBUG_INFORMATION_FORMAT = dwarf;
				ENABLE_STRICT_OBJC_MSGSEND = YES;
				ENABLE_TESTABILITY = YES;
				GCC_C_LANGUAGE_STANDARD = gnu11;
				GCC_DYNAMIC_NO_PIC = NO;
				GCC_NO_COMMON_BLOCKS = YES;
				GCC_OPTIMIZATION_LEVEL = 0;
				GCC_PREPROCESSOR_DEFINITIONS = (
					"DEBUG=1",
					"$(inherited)",
				);
				GCC_WARN_64_TO_32_BIT_CONVERSION = YES;
				GCC_WARN_ABOUT_RETURN_TYPE = YES_ERROR;
				GCC_WARN_UNDECLARED_SELECTOR = YES;
				GCC_WARN_UNINITIALIZED_AUTOS = YES_AGGRESSIVE;
				GCC_WARN_UNUSED_FUNCTION = YES;
				GCC_WARN_UNUSED_VARIABLE = YES;
				IPHONEOS_DEPLOYMENT_TARGET = 14.2;
				MTL_ENABLE_DEBUG_INFO = INCLUDE_SOURCE;
				MTL_FAST_MATH = YES;
				ONLY_ACTIVE_ARCH = YES;
				SDKROOT = iphoneos;
				SWIFT_ACTIVE_COMPILATION_CONDITIONS = DEBUG;
				SWIFT_OPTIMIZATION_LEVEL = "-Onone";
			};
			name = Debug;
		};
		FFFC2ED22641983E00154185 /* Release */ = {
			isa = XCBuildConfiguration;
			buildSettings = {
				ALWAYS_SEARCH_USER_PATHS = NO;
				CLANG_ANALYZER_NONNULL = YES;
				CLANG_ANALYZER_NUMBER_OBJECT_CONVERSION = YES_AGGRESSIVE;
				CLANG_CXX_LANGUAGE_STANDARD = "gnu++14";
				CLANG_CXX_LIBRARY = "libc++";
				CLANG_ENABLE_MODULES = YES;
				CLANG_ENABLE_OBJC_ARC = YES;
				CLANG_ENABLE_OBJC_WEAK = YES;
				CLANG_WARN_BLOCK_CAPTURE_AUTORELEASING = YES;
				CLANG_WARN_BOOL_CONVERSION = YES;
				CLANG_WARN_COMMA = YES;
				CLANG_WARN_CONSTANT_CONVERSION = YES;
				CLANG_WARN_DEPRECATED_OBJC_IMPLEMENTATIONS = YES;
				CLANG_WARN_DIRECT_OBJC_ISA_USAGE = YES_ERROR;
				CLANG_WARN_DOCUMENTATION_COMMENTS = YES;
				CLANG_WARN_EMPTY_BODY = YES;
				CLANG_WARN_ENUM_CONVERSION = YES;
				CLANG_WARN_INFINITE_RECURSION = YES;
				CLANG_WARN_INT_CONVERSION = YES;
				CLANG_WARN_NON_LITERAL_NULL_CONVERSION = YES;
				CLANG_WARN_OBJC_IMPLICIT_RETAIN_SELF = YES;
				CLANG_WARN_OBJC_LITERAL_CONVERSION = YES;
				CLANG_WARN_OBJC_ROOT_CLASS = YES_ERROR;
				CLANG_WARN_QUOTED_INCLUDE_IN_FRAMEWORK_HEADER = YES;
				CLANG_WARN_RANGE_LOOP_ANALYSIS = YES;
				CLANG_WARN_STRICT_PROTOTYPES = YES;
				CLANG_WARN_SUSPICIOUS_MOVE = YES;
				CLANG_WARN_UNGUARDED_AVAILABILITY = YES_AGGRESSIVE;
				CLANG_WARN_UNREACHABLE_CODE = YES;
				CLANG_WARN__DUPLICATE_METHOD_MATCH = YES;
				COPY_PHASE_STRIP = NO;
				DEBUG_INFORMATION_FORMAT = "dwarf-with-dsym";
				ENABLE_NS_ASSERTIONS = NO;
				ENABLE_STRICT_OBJC_MSGSEND = YES;
				GCC_C_LANGUAGE_STANDARD = gnu11;
				GCC_NO_COMMON_BLOCKS = YES;
				GCC_WARN_64_TO_32_BIT_CONVERSION = YES;
				GCC_WARN_ABOUT_RETURN_TYPE = YES_ERROR;
				GCC_WARN_UNDECLARED_SELECTOR = YES;
				GCC_WARN_UNINITIALIZED_AUTOS = YES_AGGRESSIVE;
				GCC_WARN_UNUSED_FUNCTION = YES;
				GCC_WARN_UNUSED_VARIABLE = YES;
				IPHONEOS_DEPLOYMENT_TARGET = 14.2;
				MTL_ENABLE_DEBUG_INFO = NO;
				MTL_FAST_MATH = YES;
				SDKROOT = iphoneos;
				SWIFT_COMPILATION_MODE = wholemodule;
				SWIFT_OPTIMIZATION_LEVEL = "-O";
				VALIDATE_PRODUCT = YES;
			};
			name = Release;
		};
		FFFC2ED42641983E00154185 /* Debug */ = {
			isa = XCBuildConfiguration;
			baseConfigurationReference = E5FFAA77CE28C74CB0990080 /* Pods-AlbumTracks.debug.xcconfig */;
			buildSettings = {
				ASSETCATALOG_COMPILER_APPICON_NAME = AppIcon;
				ASSETCATALOG_COMPILER_GLOBAL_ACCENT_COLOR_NAME = AccentColor;
				CODE_SIGN_STYLE = Automatic;
				DEVELOPMENT_TEAM = P77P34C9FQ;
				INFOPLIST_FILE = AlbumTracks/Info.plist;
				LD_RUNPATH_SEARCH_PATHS = (
					"$(inherited)",
					"@executable_path/Frameworks",
				);
				PRODUCT_BUNDLE_IDENTIFIER = com.OlwaStd.AlbumTracks;
				PRODUCT_NAME = "$(TARGET_NAME)";
				SWIFT_VERSION = 5.0;
				TARGETED_DEVICE_FAMILY = "1,2";
			};
			name = Debug;
		};
		FFFC2ED52641983E00154185 /* Release */ = {
			isa = XCBuildConfiguration;
			baseConfigurationReference = 5708F63F905F43E71F7E6DD7 /* Pods-AlbumTracks.release.xcconfig */;
			buildSettings = {
				ASSETCATALOG_COMPILER_APPICON_NAME = AppIcon;
				ASSETCATALOG_COMPILER_GLOBAL_ACCENT_COLOR_NAME = AccentColor;
				CODE_SIGN_STYLE = Automatic;
				DEVELOPMENT_TEAM = P77P34C9FQ;
				INFOPLIST_FILE = AlbumTracks/Info.plist;
				LD_RUNPATH_SEARCH_PATHS = (
					"$(inherited)",
					"@executable_path/Frameworks",
				);
				PRODUCT_BUNDLE_IDENTIFIER = com.OlwaStd.AlbumTracks;
				PRODUCT_NAME = "$(TARGET_NAME)";
				SWIFT_VERSION = 5.0;
				TARGETED_DEVICE_FAMILY = "1,2";
			};
			name = Release;
		};
/* End XCBuildConfiguration section */

/* Begin XCConfigurationList section */
		FFFC2EBA2641983C00154185 /* Build configuration list for PBXProject "AlbumTracks" */ = {
			isa = XCConfigurationList;
			buildConfigurations = (
				FFFC2ED12641983E00154185 /* Debug */,
				FFFC2ED22641983E00154185 /* Release */,
			);
			defaultConfigurationIsVisible = 0;
			defaultConfigurationName = Release;
		};
		FFFC2ED32641983E00154185 /* Build configuration list for PBXNativeTarget "AlbumTracks" */ = {
			isa = XCConfigurationList;
			buildConfigurations = (
				FFFC2ED42641983E00154185 /* Debug */,
				FFFC2ED52641983E00154185 /* Release */,
			);
			defaultConfigurationIsVisible = 0;
			defaultConfigurationName = Release;
		};
/* End XCConfigurationList section */
	};
	rootObject = FFFC2EB72641983C00154185 /* Project object */;
}
